
Microsoft Visual Studio Solution File, Format Version 12.00
# Visual Studio Version 17
VisualStudioVersion = 17.3.32929.385
MinimumVisualStudioVersion = 10.0.40219.1
Project("{FAE04EC0-301F-11D3-BF4B-00C04F79EFBC}") = "RegulatedMarket", "RegulatedMarket\RegulatedMarket.csproj", "{6F50373E-7B95-4835-957F-413A3F03ACD9}"
EndProject
Project("{FAE04EC0-301F-11D3-BF4B-00C04F79EFBC}") = "RegulatedMarket.Tests", "RegulatedMarket.Tests\RegulatedMarket.Tests.csproj", "{42E21D04-C7D1-449A-A362-5255E4B6D95D}"
EndProject
Global
	GlobalSection(SolutionConfigurationPlatforms) = preSolution
		Debug|Any CPU = Debug|Any CPU
		Release|Any CPU = Release|Any CPU
	EndGlobalSection
	GlobalSection(ProjectConfigurationPlatforms) = postSolution
		{6F50373E-7B95-4835-957F-413A3F03ACD9}.Debug|Any CPU.ActiveCfg = Debug|Any CPU
		{6F50373E-7B95-4835-957F-413A3F03ACD9}.Debug|Any CPU.Build.0 = Debug|Any CPU
		{6F50373E-7B95-4835-957F-413A3F03ACD9}.Release|Any CPU.ActiveCfg = Release|Any CPU
		{6F50373E-7B95-4835-957F-413A3F03ACD9}.Release|Any CPU.Build.0 = Release|Any CPU
		{42E21D04-C7D1-449A-A362-5255E4B6D95D}.Debug|Any CPU.ActiveCfg = Debug|Any CPU
		{42E21D04-C7D1-449A-A362-5255E4B6D95D}.Debug|Any CPU.Build.0 = Debug|Any CPU
		{42E21D04-C7D1-449A-A362-5255E4B6D95D}.Release|Any CPU.ActiveCfg = Release|Any CPU
		{42E21D04-C7D1-449A-A362-5255E4B6D95D}.Release|Any CPU.Build.0 = Release|Any CPU
	EndGlobalSection
	GlobalSection(SolutionProperties) = preSolution
		HideSolutionNode = FALSE
	EndGlobalSection
	GlobalSection(ExtensibilityGlobals) = postSolution
		SolutionGuid = {04AF67B0-CD09-4FAD-9B6A-F65B3383C22E}
	EndGlobalSection
EndGlobal
